
Microsoft Visual Studio Solution File, Format Version 12.00
# Visual Studio Version 17
VisualStudioVersion = 17.4.33122.133
MinimumVisualStudioVersion = 10.0.40219.1
Project("{2150E333-8FDC-42A3-9474-1A3956D46DE8}") = "net core", "net core", "{0CDFDACD-6043-48E8-8AA3-7122461F7C7A}"
EndProject
Project("{9A19103F-16F7-4668-BE54-9A1E7A4F7556}") = "src.netstandard20", "src\netstandard20\src.netstandard20.csproj", "{29D87C9E-D9D0-4EF7-895C-48B36C4CFCC0}"
EndProject
Project("{2150E333-8FDC-42A3-9474-1A3956D46DE8}") = "build", "build", "{E92F982D-FAD2-4BF7-94F5-2E9B46AB7651}"
	ProjectSection(SolutionItems) = preProject
		.gitignore = .gitignore
		CSVFile.nuspec = CSVFile.nuspec
		.github\workflows\dotnet.yml = .github\workflows\dotnet.yml
		icons8-spreadsheet-96.png = icons8-spreadsheet-96.png
		LICENSE = LICENSE
		README.md = README.md
		.github\workflows\nuget-publish.yml = .github\workflows\nuget-publish.yml
	EndProjectSection
EndProject
Project("{9A19103F-16F7-4668-BE54-9A1E7A4F7556}") = "src.net50", "src\net50\src.net50.csproj", "{C78A66F7-113D-452A-989B-306CD6534E7B}"
EndProject
Project("{9A19103F-16F7-4668-BE54-9A1E7A4F7556}") = "tests.net50", "tests\net50\tests.net50.csproj", "{D0F7CD1F-EEA9-4727-94C8-71F69FB456BF}"
EndProject
Project("{9A19103F-16F7-4668-BE54-9A1E7A4F7556}") = "tests.net60", "tests\net60\tests.net60.csproj", "{1F5483FB-F3A2-4F92-874C-EE28EDACDF64}"
EndProject
Global
	GlobalSection(SolutionConfigurationPlatforms) = preSolution
		Debug|Any CPU = Debug|Any CPU
		Release|Any CPU = Release|Any CPU
	EndGlobalSection
	GlobalSection(ProjectConfigurationPlatforms) = postSolution
		{29D87C9E-D9D0-4EF7-895C-48B36C4CFCC0}.Debug|Any CPU.ActiveCfg = Debug|Any CPU
		{29D87C9E-D9D0-4EF7-895C-48B36C4CFCC0}.Debug|Any CPU.Build.0 = Debug|Any CPU
		{29D87C9E-D9D0-4EF7-895C-48B36C4CFCC0}.Release|Any CPU.ActiveCfg = Release|Any CPU
		{29D87C9E-D9D0-4EF7-895C-48B36C4CFCC0}.Release|Any CPU.Build.0 = Release|Any CPU
		{C78A66F7-113D-452A-989B-306CD6534E7B}.Debug|Any CPU.ActiveCfg = Debug|Any CPU
		{C78A66F7-113D-452A-989B-306CD6534E7B}.Debug|Any CPU.Build.0 = Debug|Any CPU
		{C78A66F7-113D-452A-989B-306CD6534E7B}.Release|Any CPU.ActiveCfg = Release|Any CPU
		{C78A66F7-113D-452A-989B-306CD6534E7B}.Release|Any CPU.Build.0 = Release|Any CPU
		{D0F7CD1F-EEA9-4727-94C8-71F69FB456BF}.Debug|Any CPU.ActiveCfg = Debug|Any CPU
		{D0F7CD1F-EEA9-4727-94C8-71F69FB456BF}.Debug|Any CPU.Build.0 = Debug|Any CPU
		{D0F7CD1F-EEA9-4727-94C8-71F69FB456BF}.Release|Any CPU.ActiveCfg = Release|Any CPU
		{D0F7CD1F-EEA9-4727-94C8-71F69FB456BF}.Release|Any CPU.Build.0 = Release|Any CPU
		{1F5483FB-F3A2-4F92-874C-EE28EDACDF64}.Debug|Any CPU.ActiveCfg = Debug|Any CPU
		{1F5483FB-F3A2-4F92-874C-EE28EDACDF64}.Debug|Any CPU.Build.0 = Debug|Any CPU
		{1F5483FB-F3A2-4F92-874C-EE28EDACDF64}.Release|Any CPU.ActiveCfg = Release|Any CPU
		{1F5483FB-F3A2-4F92-874C-EE28EDACDF64}.Release|Any CPU.Build.0 = Release|Any CPU
	EndGlobalSection
	GlobalSection(SolutionProperties) = preSolution
		HideSolutionNode = FALSE
	EndGlobalSection
	GlobalSection(NestedProjects) = preSolution
		{29D87C9E-D9D0-4EF7-895C-48B36C4CFCC0} = {0CDFDACD-6043-48E8-8AA3-7122461F7C7A}
		{C78A66F7-113D-452A-989B-306CD6534E7B} = {0CDFDACD-6043-48E8-8AA3-7122461F7C7A}
		{D0F7CD1F-EEA9-4727-94C8-71F69FB456BF} = {0CDFDACD-6043-48E8-8AA3-7122461F7C7A}
		{1F5483FB-F3A2-4F92-874C-EE28EDACDF64} = {0CDFDACD-6043-48E8-8AA3-7122461F7C7A}
	EndGlobalSection
	GlobalSection(ExtensibilityGlobals) = postSolution
		SolutionGuid = {0A368276-2291-4A3B-B4EE-1C2D8042E97D}
	EndGlobalSection
	GlobalSection(TestCaseManagementSettings) = postSolution
		CategoryFile = CSVFile.vsmdi
	EndGlobalSection
EndGlobal
