
Microsoft Visual Studio Solution File, Format Version 12.00
# Visual Studio 15
VisualStudioVersion = 15.0.28010.2048
MinimumVisualStudioVersion = 10.0.40219.1
Project("{2150E333-8FDC-42A3-9474-1A3956D46DE8}") = "net20", "net20", "{77574FC8-D316-4778-8640-909DC737CA5F}"
EndProject
Project("{2150E333-8FDC-42A3-9474-1A3956D46DE8}") = "net40", "net40", "{5F24F728-2ABA-416A-A436-583B1C0842CF}"
EndProject
Project("{2150E333-8FDC-42A3-9474-1A3956D46DE8}") = "netstandard20", "netstandard20", "{0CDFDACD-6043-48E8-8AA3-7122461F7C7A}"
EndProject
Project("{FAE04EC0-301F-11D3-BF4B-00C04F79EFBC}") = "src.net20", "src\net20\src.net20.csproj", "{642DB878-9E42-4F7D-A001-7640FC9E63A6}"
EndProject
Project("{FAE04EC0-301F-11D3-BF4B-00C04F79EFBC}") = "tests.net20", "tests\net20\tests.net20.csproj", "{95A5FBAE-79DC-478E-86BE-693A855DBB8A}"
EndProject
Project("{FAE04EC0-301F-11D3-BF4B-00C04F79EFBC}") = "src.net45", "src\net45\src.net45.csproj", "{6E72622B-03F6-4C09-8B81-47C011C5FF8E}"
EndProject
Project("{FAE04EC0-301F-11D3-BF4B-00C04F79EFBC}") = "tests.net45", "tests\net45\tests.net45.csproj", "{D22902D2-6D93-4349-A5FB-E272DBD64970}"
EndProject
Project("{FAE04EC0-301F-11D3-BF4B-00C04F79EFBC}") = "src.netstandard20", "src\netstandard20\src.netstandard20.csproj", "{29D87C9E-D9D0-4EF7-895C-48B36C4CFCC0}"
EndProject
Project("{2150E333-8FDC-42A3-9474-1A3956D46DE8}") = "build", "build", "{E92F982D-FAD2-4BF7-94F5-2E9B46AB7651}"
	ProjectSection(SolutionItems) = preProject
		.travis.yml = .travis.yml
		CSVFile.nuspec = CSVFile.nuspec
	EndProjectSection
EndProject
Project("{2150E333-8FDC-42A3-9474-1A3956D46DE8}") = "net45", "net45", "{3D301792-0A39-4D02-927E-B7EFFAC43E30}"
EndProject
Project("{FAE04EC0-301F-11D3-BF4B-00C04F79EFBC}") = "tests.netstandard20", "tests\netstandard20\tests.netstandard20.csproj", "{311B0E56-71A3-42F6-A3B8-FE61908873F8}"
EndProject
Project("{FAE04EC0-301F-11D3-BF4B-00C04F79EFBC}") = "tests.net40", "tests\net40\tests.net40.csproj", "{D22902D2-6D93-4349-A5FB-E272DBD64971}"
EndProject
Project("{FAE04EC0-301F-11D3-BF4B-00C04F79EFBC}") = "src.net40", "src\net40\src.net40.csproj", "{6E72622B-03F6-4C09-8B81-47C011C5FF8F}"
EndProject
Global
	GlobalSection(SolutionConfigurationPlatforms) = preSolution
		Debug|Any CPU = Debug|Any CPU
		Release|Any CPU = Release|Any CPU
	EndGlobalSection
	GlobalSection(ProjectConfigurationPlatforms) = postSolution
		{642DB878-9E42-4F7D-A001-7640FC9E63A6}.Debug|Any CPU.ActiveCfg = Debug|Any CPU
		{642DB878-9E42-4F7D-A001-7640FC9E63A6}.Debug|Any CPU.Build.0 = Debug|Any CPU
		{642DB878-9E42-4F7D-A001-7640FC9E63A6}.Release|Any CPU.ActiveCfg = Release|Any CPU
		{642DB878-9E42-4F7D-A001-7640FC9E63A6}.Release|Any CPU.Build.0 = Release|Any CPU
		{95A5FBAE-79DC-478E-86BE-693A855DBB8A}.Debug|Any CPU.ActiveCfg = Debug|Any CPU
		{95A5FBAE-79DC-478E-86BE-693A855DBB8A}.Debug|Any CPU.Build.0 = Debug|Any CPU
		{95A5FBAE-79DC-478E-86BE-693A855DBB8A}.Release|Any CPU.ActiveCfg = Release|Any CPU
		{95A5FBAE-79DC-478E-86BE-693A855DBB8A}.Release|Any CPU.Build.0 = Release|Any CPU
		{6E72622B-03F6-4C09-8B81-47C011C5FF8E}.Debug|Any CPU.ActiveCfg = Debug|Any CPU
		{6E72622B-03F6-4C09-8B81-47C011C5FF8E}.Debug|Any CPU.Build.0 = Debug|Any CPU
		{6E72622B-03F6-4C09-8B81-47C011C5FF8E}.Release|Any CPU.ActiveCfg = Release|Any CPU
		{6E72622B-03F6-4C09-8B81-47C011C5FF8E}.Release|Any CPU.Build.0 = Release|Any CPU
		{D22902D2-6D93-4349-A5FB-E272DBD64970}.Debug|Any CPU.ActiveCfg = Debug|Any CPU
		{D22902D2-6D93-4349-A5FB-E272DBD64970}.Debug|Any CPU.Build.0 = Debug|Any CPU
		{D22902D2-6D93-4349-A5FB-E272DBD64970}.Release|Any CPU.ActiveCfg = Release|Any CPU
		{D22902D2-6D93-4349-A5FB-E272DBD64970}.Release|Any CPU.Build.0 = Release|Any CPU
		{29D87C9E-D9D0-4EF7-895C-48B36C4CFCC0}.Debug|Any CPU.ActiveCfg = Debug|Any CPU
		{29D87C9E-D9D0-4EF7-895C-48B36C4CFCC0}.Debug|Any CPU.Build.0 = Debug|Any CPU
		{29D87C9E-D9D0-4EF7-895C-48B36C4CFCC0}.Release|Any CPU.ActiveCfg = Release|Any CPU
		{29D87C9E-D9D0-4EF7-895C-48B36C4CFCC0}.Release|Any CPU.Build.0 = Release|Any CPU
		{311B0E56-71A3-42F6-A3B8-FE61908873F8}.Debug|Any CPU.ActiveCfg = Debug|Any CPU
		{311B0E56-71A3-42F6-A3B8-FE61908873F8}.Debug|Any CPU.Build.0 = Debug|Any CPU
		{311B0E56-71A3-42F6-A3B8-FE61908873F8}.Release|Any CPU.ActiveCfg = Release|Any CPU
		{311B0E56-71A3-42F6-A3B8-FE61908873F8}.Release|Any CPU.Build.0 = Release|Any CPU
		{D22902D2-6D93-4349-A5FB-E272DBD64971}.Debug|Any CPU.ActiveCfg = Debug|Any CPU
		{D22902D2-6D93-4349-A5FB-E272DBD64971}.Debug|Any CPU.Build.0 = Debug|Any CPU
		{D22902D2-6D93-4349-A5FB-E272DBD64971}.Release|Any CPU.ActiveCfg = Release|Any CPU
		{D22902D2-6D93-4349-A5FB-E272DBD64971}.Release|Any CPU.Build.0 = Release|Any CPU
		{6E72622B-03F6-4C09-8B81-47C011C5FF8F}.Debug|Any CPU.ActiveCfg = Debug|Any CPU
		{6E72622B-03F6-4C09-8B81-47C011C5FF8F}.Debug|Any CPU.Build.0 = Debug|Any CPU
		{6E72622B-03F6-4C09-8B81-47C011C5FF8F}.Release|Any CPU.ActiveCfg = Release|Any CPU
		{6E72622B-03F6-4C09-8B81-47C011C5FF8F}.Release|Any CPU.Build.0 = Release|Any CPU
	EndGlobalSection
	GlobalSection(SolutionProperties) = preSolution
		HideSolutionNode = FALSE
	EndGlobalSection
	GlobalSection(NestedProjects) = preSolution
		{642DB878-9E42-4F7D-A001-7640FC9E63A6} = {77574FC8-D316-4778-8640-909DC737CA5F}
		{95A5FBAE-79DC-478E-86BE-693A855DBB8A} = {77574FC8-D316-4778-8640-909DC737CA5F}
		{6E72622B-03F6-4C09-8B81-47C011C5FF8E} = {3D301792-0A39-4D02-927E-B7EFFAC43E30}
		{D22902D2-6D93-4349-A5FB-E272DBD64970} = {3D301792-0A39-4D02-927E-B7EFFAC43E30}
		{29D87C9E-D9D0-4EF7-895C-48B36C4CFCC0} = {0CDFDACD-6043-48E8-8AA3-7122461F7C7A}
		{311B0E56-71A3-42F6-A3B8-FE61908873F8} = {0CDFDACD-6043-48E8-8AA3-7122461F7C7A}
		{D22902D2-6D93-4349-A5FB-E272DBD64971} = {5F24F728-2ABA-416A-A436-583B1C0842CF}
		{6E72622B-03F6-4C09-8B81-47C011C5FF8F} = {5F24F728-2ABA-416A-A436-583B1C0842CF}
	EndGlobalSection
	GlobalSection(ExtensibilityGlobals) = postSolution
		SolutionGuid = {0A368276-2291-4A3B-B4EE-1C2D8042E97D}
	EndGlobalSection
	GlobalSection(TestCaseManagementSettings) = postSolution
		CategoryFile = CSVFile.vsmdi
	EndGlobalSection
EndGlobal
