
Microsoft Visual Studio Solution File, Format Version 11.00
# Visual Studio 2010
Project("{FAE04EC0-301F-11D3-BF4B-00C04F79EFBC}") = "CSVFile", "src\csharp-csv-reader.dotnetcore.xproj", "{642DB878-9E42-4F7D-A001-7640FC9E63A6}"
EndProject
Project("{FAE04EC0-301F-11D3-BF4B-00C04F79EFBC}") = "CSVTestSuite", "tests\csharp-csv-reader-tests.dotnetcore.xproj", "{A9D3121A-33C8-4D13-ACE4-61915508E24B}"
EndProject
Project("{2150E333-8FDC-42A3-9474-1A3956D46DE8}") = "Solution Items", "Solution Items", "{64F252D2-9F0C-4211-AE67-374A493CE48B}"
	ProjectSection(SolutionItems) = preProject
		CSVFile.vsmdi = CSVFile.vsmdi
		Local.testsettings = Local.testsettings
		TraceAndTestImpact.testsettings = TraceAndTestImpact.testsettings
	EndProjectSection
EndProject
Global
	GlobalSection(TestCaseManagementSettings) = postSolution
		CategoryFile = CSVFile.vsmdi
	EndGlobalSection
	GlobalSection(SolutionConfigurationPlatforms) = preSolution
		Debug|Any CPU = Debug|Any CPU
		Release|Any CPU = Release|Any CPU
	EndGlobalSection
	GlobalSection(ProjectConfigurationPlatforms) = postSolution
		{642DB878-9E42-4F7D-A001-7640FC9E63A6}.Debug|Any CPU.ActiveCfg = Debug|Any CPU
		{642DB878-9E42-4F7D-A001-7640FC9E63A6}.Debug|Any CPU.Build.0 = Debug|Any CPU
		{642DB878-9E42-4F7D-A001-7640FC9E63A6}.Release|Any CPU.ActiveCfg = Release|Any CPU
		{642DB878-9E42-4F7D-A001-7640FC9E63A6}.Release|Any CPU.Build.0 = Release|Any CPU
		{A9D3121A-33C8-4D13-ACE4-61915508E24B}.Debug|Any CPU.ActiveCfg = Debug|Any CPU
		{A9D3121A-33C8-4D13-ACE4-61915508E24B}.Debug|Any CPU.Build.0 = Debug|Any CPU
		{A9D3121A-33C8-4D13-ACE4-61915508E24B}.Release|Any CPU.ActiveCfg = Release|Any CPU
		{A9D3121A-33C8-4D13-ACE4-61915508E24B}.Release|Any CPU.Build.0 = Release|Any CPU
	EndGlobalSection
	GlobalSection(SolutionProperties) = preSolution
		HideSolutionNode = FALSE
	EndGlobalSection
EndGlobal
