
Microsoft Visual Studio Solution File, Format Version 12.00
# Visual Studio Version 16
VisualStudioVersion = 16.0.31112.23
MinimumVisualStudioVersion = 10.0.40219.1
Project("{2150E333-8FDC-42A3-9474-1A3956D46DE8}") = "net20", "net20", "{77574FC8-D316-4778-8640-909DC737CA5F}"
EndProject
Project("{FAE04EC0-301F-11D3-BF4B-00C04F79EFBC}") = "src.net20", "src\net20\src.net20.csproj", "{642DB878-9E42-4F7D-A001-7640FC9E63A6}"
EndProject
Project("{FAE04EC0-301F-11D3-BF4B-00C04F79EFBC}") = "tests.net20", "tests\net20\tests.net20.csproj", "{95A5FBAE-79DC-478E-86BE-693A855DBB8A}"
EndProject
Project("{2150E333-8FDC-42A3-9474-1A3956D46DE8}") = "build", "build", "{E92F982D-FAD2-4BF7-94F5-2E9B46AB7651}"
	ProjectSection(SolutionItems) = preProject
		.travis.yml = .travis.yml
		CSVFile.nuspec = CSVFile.nuspec
	EndProjectSection
EndProject
Global
	GlobalSection(SolutionConfigurationPlatforms) = preSolution
		Debug|Any CPU = Debug|Any CPU
		Release|Any CPU = Release|Any CPU
	EndGlobalSection
	GlobalSection(ProjectConfigurationPlatforms) = postSolution
		{642DB878-9E42-4F7D-A001-7640FC9E63A6}.Debug|Any CPU.ActiveCfg = Debug|Any CPU
		{642DB878-9E42-4F7D-A001-7640FC9E63A6}.Debug|Any CPU.Build.0 = Debug|Any CPU
		{642DB878-9E42-4F7D-A001-7640FC9E63A6}.Release|Any CPU.ActiveCfg = Release|Any CPU
		{642DB878-9E42-4F7D-A001-7640FC9E63A6}.Release|Any CPU.Build.0 = Release|Any CPU
		{95A5FBAE-79DC-478E-86BE-693A855DBB8A}.Debug|Any CPU.ActiveCfg = Debug|Any CPU
		{95A5FBAE-79DC-478E-86BE-693A855DBB8A}.Debug|Any CPU.Build.0 = Debug|Any CPU
		{95A5FBAE-79DC-478E-86BE-693A855DBB8A}.Release|Any CPU.ActiveCfg = Release|Any CPU
		{95A5FBAE-79DC-478E-86BE-693A855DBB8A}.Release|Any CPU.Build.0 = Release|Any CPU
	EndGlobalSection
	GlobalSection(SolutionProperties) = preSolution
		HideSolutionNode = FALSE
	EndGlobalSection
	GlobalSection(NestedProjects) = preSolution
		{642DB878-9E42-4F7D-A001-7640FC9E63A6} = {77574FC8-D316-4778-8640-909DC737CA5F}
		{95A5FBAE-79DC-478E-86BE-693A855DBB8A} = {77574FC8-D316-4778-8640-909DC737CA5F}
	EndGlobalSection
	GlobalSection(ExtensibilityGlobals) = postSolution
		SolutionGuid = {0A368276-2291-4A3B-B4EE-1C2D8042E97D}
	EndGlobalSection
	GlobalSection(TestCaseManagementSettings) = postSolution
		CategoryFile = CSVFile.vsmdi
	EndGlobalSection
EndGlobal
